{
  "name": "alpinejs-openfeature",
  "version": "0.1.0",
  "lockfileVersion": 2,
  "requires": true,
  "packages": {
    "": {
      "name": "alpinejs-openfeature",
      "version": "0.1.0",
      "devDependencies": {
        "@devcycle/openfeature-web-provider": "^0.10.2",
        "esbuild": "^0.20.2"
      }
    },
    "node_modules/@devcycle/js-client-sdk": {
      "version": "1.24.2",
      "resolved": "https://registry.npmjs.org/@devcycle/js-client-sdk/-/js-client-sdk-1.24.2.tgz",
      "integrity": "sha512-bVNoeF/4SmO+ONEhASplKCv0nShCgK1KAdT/u5gaY2MCONth8IvVI5fdIUUMUNiAjHhHiNiu9koHRDf3xH5L6A==",
      "dev": true,
      "dependencies": {
        "@devcycle/types": "^1.12.1",
        "fetch-retry": "^5.0.6",
        "lodash": "^4.17.21",
        "ua-parser-js": "^1.0.36",
        "uuid": "^8.3.2"
      }
    },
    "node_modules/@devcycle/openfeature-web-provider": {
      "version": "0.10.2",
      "resolved": "https://registry.npmjs.org/@devcycle/openfeature-web-provider/-/openfeature-web-provider-0.10.2.tgz",
      "integrity": "sha512-Cwm0Zub1guEE6BrT+9dfmehKDgGHI5JT+BGoALpfLtQOybyk5rUcBZ/CkShfN5RLCvBe839S308AlqdxQtGVUQ==",
      "dev": true,
      "dependencies": {
        "@devcycle/js-client-sdk": "^1.24.2"
      },
      "peerDependencies": {
        "@openfeature/web-sdk": "^1.0.3"
      }
    },
    "node_modules/@devcycle/types": {
      "version": "1.12.1",
      "resolved": "https://registry.npmjs.org/@devcycle/types/-/types-1.12.1.tgz",
      "integrity": "sha512-2bVZ0IywzG1ueG9d5EO9O7iV5k4/N0667qNqQz56TGVvxF3t2bx36JsTbAiOaT7Th2S6RWvpE7AXNG8y9chW/g==",
      "dev": true,
      "dependencies": {
        "class-transformer": "0.5.1",
        "class-validator": "0.14.1",
        "iso-639-1": "^2.1.13",
        "lodash": "^4.17.21",
        "reflect-metadata": "^0.1.13"
      }
    },
    "node_modules/@esbuild/darwin-arm64": {
      "version": "0.20.2",
      "resolved": "https://registry.npmjs.org/@esbuild/darwin-arm64/-/darwin-arm64-0.20.2.tgz",
      "integrity": "sha512-4J6IRT+10J3aJH3l1yzEg9y3wkTDgDk7TSDFX+wKFiWjqWp/iCfLIYzGyasx9l0SAFPT1HwSCR+0w/h1ES/MjA==",
      "cpu": [
        "arm64"
      ],
      "dev": true,
      "optional": true,
      "os": [
        "darwin"
      ],
      "engines": {
        "node": ">=12"
      }
    },
    "node_modules/@openfeature/core": {
      "version": "1.1.0",
      "resolved": "https://registry.npmjs.org/@openfeature/core/-/core-1.1.0.tgz",
      "integrity": "sha512-aNuvOmqrFxAyzLnEa3YINsUu1pskXyEeMu4O9Kyde0+cS7q+Tgh4KKePwAROXkhhU1RQckW931P41xK5osXAWA==",
      "dev": true,
      "peer": true
    },
    "node_modules/@openfeature/web-sdk": {
      "version": "1.0.3",
      "resolved": "https://registry.npmjs.org/@openfeature/web-sdk/-/web-sdk-1.0.3.tgz",
      "integrity": "sha512-WIB2hIUbpIxK2nEdchWCKZyLhwFQzr+DUh+NnN+v13VoLHq1CE96zhLHC7IQpgyQ6+L7//tPqgeb112Kmb8MNA==",
      "dev": true,
      "peer": true,
      "peerDependencies": {
        "@openfeature/core": "1.1.0"
      }
    },
    "node_modules/@types/validator": {
      "version": "13.11.9",
      "resolved": "https://registry.npmjs.org/@types/validator/-/validator-13.11.9.tgz",
      "integrity": "sha512-FCTsikRozryfayPuiI46QzH3fnrOoctTjvOYZkho9BTFLCOZ2rgZJHMOVgCOfttjPJcgOx52EpkY0CMfy87MIw==",
      "dev": true
    },
    "node_modules/class-transformer": {
      "version": "0.5.1",
      "resolved": "https://registry.npmjs.org/class-transformer/-/class-transformer-0.5.1.tgz",
      "integrity": "sha512-SQa1Ws6hUbfC98vKGxZH3KFY0Y1lm5Zm0SY8XX9zbK7FJCyVEac3ATW0RIpwzW+oOfmHE5PMPufDG9hCfoEOMw==",
      "dev": true
    },
    "node_modules/class-validator": {
      "version": "0.14.1",
      "resolved": "https://registry.npmjs.org/class-validator/-/class-validator-0.14.1.tgz",
      "integrity": "sha512-2VEG9JICxIqTpoK1eMzZqaV+u/EiwEJkMGzTrZf6sU/fwsnOITVgYJ8yojSy6CaXtO9V0Cc6ZQZ8h8m4UBuLwQ==",
      "dev": true,
      "dependencies": {
        "@types/validator": "^13.11.8",
        "libphonenumber-js": "^1.10.53",
        "validator": "^13.9.0"
      }
    },
    "node_modules/esbuild": {
      "version": "0.20.2",
      "resolved": "https://registry.npmjs.org/esbuild/-/esbuild-0.20.2.tgz",
      "integrity": "sha512-WdOOppmUNU+IbZ0PaDiTst80zjnrOkyJNHoKupIcVyU8Lvla3Ugx94VzkQ32Ijqd7UhHJy75gNWDMUekcrSJ6g==",
      "dev": true,
      "hasInstallScript": true,
      "bin": {
        "esbuild": "bin/esbuild"
      },
      "engines": {
        "node": ">=12"
      },
      "optionalDependencies": {
        "@esbuild/aix-ppc64": "0.20.2",
        "@esbuild/android-arm": "0.20.2",
        "@esbuild/android-arm64": "0.20.2",
        "@esbuild/android-x64": "0.20.2",
        "@esbuild/darwin-arm64": "0.20.2",
        "@esbuild/darwin-x64": "0.20.2",
        "@esbuild/freebsd-arm64": "0.20.2",
        "@esbuild/freebsd-x64": "0.20.2",
        "@esbuild/linux-arm": "0.20.2",
        "@esbuild/linux-arm64": "0.20.2",
        "@esbuild/linux-ia32": "0.20.2",
        "@esbuild/linux-loong64": "0.20.2",
        "@esbuild/linux-mips64el": "0.20.2",
        "@esbuild/linux-ppc64": "0.20.2",
        "@esbuild/linux-riscv64": "0.20.2",
        "@esbuild/linux-s390x": "0.20.2",
        "@esbuild/linux-x64": "0.20.2",
        "@esbuild/netbsd-x64": "0.20.2",
        "@esbuild/openbsd-x64": "0.20.2",
        "@esbuild/sunos-x64": "0.20.2",
        "@esbuild/win32-arm64": "0.20.2",
        "@esbuild/win32-ia32": "0.20.2",
        "@esbuild/win32-x64": "0.20.2"
      }
    },
    "node_modules/fetch-retry": {
      "version": "5.0.6",
      "resolved": "https://registry.npmjs.org/fetch-retry/-/fetch-retry-5.0.6.tgz",
      "integrity": "sha512-3yurQZ2hD9VISAhJJP9bpYFNQrHHBXE2JxxjY5aLEcDi46RmAzJE2OC9FAde0yis5ElW0jTTzs0zfg/Cca4XqQ==",
      "dev": true
    },
    "node_modules/iso-639-1": {
      "version": "2.1.15",
      "resolved": "https://registry.npmjs.org/iso-639-1/-/iso-639-1-2.1.15.tgz",
      "integrity": "sha512-7c7mBznZu2ktfvyT582E2msM+Udc1EjOyhVRE/0ZsjD9LBtWSm23h3PtiRh2a35XoUsTQQjJXaJzuLjXsOdFDg==",
      "dev": true,
      "engines": {
        "node": ">=6.0"
      }
    },
    "node_modules/libphonenumber-js": {
      "version": "1.11.0",
      "resolved": "https://registry.npmjs.org/libphonenumber-js/-/libphonenumber-js-1.11.0.tgz",
      "integrity": "sha512-8gX0ZAdOvJxN4UudGdsOkoCU5DGVrOptye7uQpjR01iys3wfB9RWdkZg/M4hGp63tKe94TR7ntDlacg50+zjxA==",
      "dev": true
    },
    "node_modules/lodash": {
      "version": "4.17.21",
      "resolved": "https://registry.npmjs.org/lodash/-/lodash-4.17.21.tgz",
      "integrity": "sha512-v2kDEe57lecTulaDIuNTPy3Ry4gLGJ6Z1O3vE1krgXZNrsQ+LFTGHVxVjcXPs17LhbZVGedAJv8XZ1tvj5FvSg==",
      "dev": true
    },
    "node_modules/reflect-metadata": {
      "version": "0.1.14",
      "resolved": "https://registry.npmjs.org/reflect-metadata/-/reflect-metadata-0.1.14.tgz",
      "integrity": "sha512-ZhYeb6nRaXCfhnndflDK8qI6ZQ/YcWZCISRAWICW9XYqMUwjZM9Z0DveWX/ABN01oxSHwVxKQmxeYZSsm0jh5A==",
      "dev": true
    },
    "node_modules/ua-parser-js": {
      "version": "1.0.37",
      "resolved": "https://registry.npmjs.org/ua-parser-js/-/ua-parser-js-1.0.37.tgz",
      "integrity": "sha512-bhTyI94tZofjo+Dn8SN6Zv8nBDvyXTymAdM3LDI/0IboIUwTu1rEhW7v2TfiVsoYWgkQ4kOVqnI8APUFbIQIFQ==",
      "dev": true,
      "funding": [
        {
          "type": "opencollective",
          "url": "https://opencollective.com/ua-parser-js"
        },
        {
          "type": "paypal",
          "url": "https://paypal.me/faisalman"
        },
        {
          "type": "github",
          "url": "https://github.com/sponsors/faisalman"
        }
      ],
      "engines": {
        "node": "*"
      }
    },
    "node_modules/uuid": {
      "version": "8.3.2",
      "resolved": "https://registry.npmjs.org/uuid/-/uuid-8.3.2.tgz",
      "integrity": "sha512-+NYs2QeMWy+GWFOEm9xnn6HCDp0l7QBD7ml8zLUmJ+93Q5NF0NocErnwkTkXVFNiX3/fpC6afS8Dhb/gz7R7eg==",
      "dev": true,
      "bin": {
        "uuid": "dist/bin/uuid"
      }
    },
    "node_modules/validator": {
      "version": "13.11.0",
      "resolved": "https://registry.npmjs.org/validator/-/validator-13.11.0.tgz",
      "integrity": "sha512-Ii+sehpSfZy+At5nPdnyMhx78fEoPDkR2XW/zimHEL3MyGJQOCQ7WeP20jPYRz7ZCpcKLB21NxuXHF3bxjStBQ==",
      "dev": true,
      "engines": {
        "node": ">= 0.10"
      }
    }
  },
  "dependencies": {
    "@devcycle/js-client-sdk": {
      "version": "1.24.2",
      "resolved": "https://registry.npmjs.org/@devcycle/js-client-sdk/-/js-client-sdk-1.24.2.tgz",
      "integrity": "sha512-bVNoeF/4SmO+ONEhASplKCv0nShCgK1KAdT/u5gaY2MCONth8IvVI5fdIUUMUNiAjHhHiNiu9koHRDf3xH5L6A==",
      "dev": true,
      "requires": {
        "@devcycle/types": "^1.12.1",
        "fetch-retry": "^5.0.6",
        "lodash": "^4.17.21",
        "ua-parser-js": "^1.0.36",
        "uuid": "^8.3.2"
      }
    },
    "@devcycle/openfeature-web-provider": {
      "version": "0.10.2",
      "resolved": "https://registry.npmjs.org/@devcycle/openfeature-web-provider/-/openfeature-web-provider-0.10.2.tgz",
      "integrity": "sha512-Cwm0Zub1guEE6BrT+9dfmehKDgGHI5JT+BGoALpfLtQOybyk5rUcBZ/CkShfN5RLCvBe839S308AlqdxQtGVUQ==",
      "dev": true,
      "requires": {
        "@devcycle/js-client-sdk": "^1.24.2"
      }
    },
    "@devcycle/types": {
      "version": "1.12.1",
      "resolved": "https://registry.npmjs.org/@devcycle/types/-/types-1.12.1.tgz",
      "integrity": "sha512-2bVZ0IywzG1ueG9d5EO9O7iV5k4/N0667qNqQz56TGVvxF3t2bx36JsTbAiOaT7Th2S6RWvpE7AXNG8y9chW/g==",
      "dev": true,
      "requires": {
        "class-transformer": "0.5.1",
        "class-validator": "0.14.1",
        "iso-639-1": "^2.1.13",
        "lodash": "^4.17.21",
        "reflect-metadata": "^0.1.13"
      }
    },
    "@esbuild/darwin-arm64": {
      "version": "0.20.2",
      "resolved": "https://registry.npmjs.org/@esbuild/darwin-arm64/-/darwin-arm64-0.20.2.tgz",
      "integrity": "sha512-4J6IRT+10J3aJH3l1yzEg9y3wkTDgDk7TSDFX+wKFiWjqWp/iCfLIYzGyasx9l0SAFPT1HwSCR+0w/h1ES/MjA==",
      "dev": true,
      "optional": true
    },
    "@openfeature/core": {
      "version": "1.1.0",
      "resolved": "https://registry.npmjs.org/@openfeature/core/-/core-1.1.0.tgz",
      "integrity": "sha512-aNuvOmqrFxAyzLnEa3YINsUu1pskXyEeMu4O9Kyde0+cS7q+Tgh4KKePwAROXkhhU1RQckW931P41xK5osXAWA==",
      "dev": true,
      "peer": true
    },
    "@openfeature/web-sdk": {
      "version": "1.0.3",
      "resolved": "https://registry.npmjs.org/@openfeature/web-sdk/-/web-sdk-1.0.3.tgz",
      "integrity": "sha512-WIB2hIUbpIxK2nEdchWCKZyLhwFQzr+DUh+NnN+v13VoLHq1CE96zhLHC7IQpgyQ6+L7//tPqgeb112Kmb8MNA==",
      "dev": true,
      "peer": true,
      "requires": {}
    },
    "@types/validator": {
      "version": "13.11.9",
      "resolved": "https://registry.npmjs.org/@types/validator/-/validator-13.11.9.tgz",
      "integrity": "sha512-FCTsikRozryfayPuiI46QzH3fnrOoctTjvOYZkho9BTFLCOZ2rgZJHMOVgCOfttjPJcgOx52EpkY0CMfy87MIw==",
      "dev": true
    },
    "class-transformer": {
      "version": "0.5.1",
      "resolved": "https://registry.npmjs.org/class-transformer/-/class-transformer-0.5.1.tgz",
      "integrity": "sha512-SQa1Ws6hUbfC98vKGxZH3KFY0Y1lm5Zm0SY8XX9zbK7FJCyVEac3ATW0RIpwzW+oOfmHE5PMPufDG9hCfoEOMw==",
      "dev": true
    },
    "class-validator": {
      "version": "0.14.1",
      "resolved": "https://registry.npmjs.org/class-validator/-/class-validator-0.14.1.tgz",
      "integrity": "sha512-2VEG9JICxIqTpoK1eMzZqaV+u/EiwEJkMGzTrZf6sU/fwsnOITVgYJ8yojSy6CaXtO9V0Cc6ZQZ8h8m4UBuLwQ==",
      "dev": true,
      "requires": {
        "@types/validator": "^13.11.8",
        "libphonenumber-js": "^1.10.53",
        "validator": "^13.9.0"
      }
    },
    "esbuild": {
      "version": "0.20.2",
      "resolved": "https://registry.npmjs.org/esbuild/-/esbuild-0.20.2.tgz",
      "integrity": "sha512-WdOOppmUNU+IbZ0PaDiTst80zjnrOkyJNHoKupIcVyU8Lvla3Ugx94VzkQ32Ijqd7UhHJy75gNWDMUekcrSJ6g==",
      "dev": true,
      "requires": {
        "@esbuild/aix-ppc64": "0.20.2",
        "@esbuild/android-arm": "0.20.2",
        "@esbuild/android-arm64": "0.20.2",
        "@esbuild/android-x64": "0.20.2",
        "@esbuild/darwin-arm64": "0.20.2",
        "@esbuild/darwin-x64": "0.20.2",
        "@esbuild/freebsd-arm64": "0.20.2",
        "@esbuild/freebsd-x64": "0.20.2",
        "@esbuild/linux-arm": "0.20.2",
        "@esbuild/linux-arm64": "0.20.2",
        "@esbuild/linux-ia32": "0.20.2",
        "@esbuild/linux-loong64": "0.20.2",
        "@esbuild/linux-mips64el": "0.20.2",
        "@esbuild/linux-ppc64": "0.20.2",
        "@esbuild/linux-riscv64": "0.20.2",
        "@esbuild/linux-s390x": "0.20.2",
        "@esbuild/linux-x64": "0.20.2",
        "@esbuild/netbsd-x64": "0.20.2",
        "@esbuild/openbsd-x64": "0.20.2",
        "@esbuild/sunos-x64": "0.20.2",
        "@esbuild/win32-arm64": "0.20.2",
        "@esbuild/win32-ia32": "0.20.2",
        "@esbuild/win32-x64": "0.20.2"
      }
    },
    "fetch-retry": {
      "version": "5.0.6",
      "resolved": "https://registry.npmjs.org/fetch-retry/-/fetch-retry-5.0.6.tgz",
      "integrity": "sha512-3yurQZ2hD9VISAhJJP9bpYFNQrHHBXE2JxxjY5aLEcDi46RmAzJE2OC9FAde0yis5ElW0jTTzs0zfg/Cca4XqQ==",
      "dev": true
    },
    "iso-639-1": {
      "version": "2.1.15",
      "resolved": "https://registry.npmjs.org/iso-639-1/-/iso-639-1-2.1.15.tgz",
      "integrity": "sha512-7c7mBznZu2ktfvyT582E2msM+Udc1EjOyhVRE/0ZsjD9LBtWSm23h3PtiRh2a35XoUsTQQjJXaJzuLjXsOdFDg==",
      "dev": true
    },
    "libphonenumber-js": {
      "version": "1.11.0",
      "resolved": "https://registry.npmjs.org/libphonenumber-js/-/libphonenumber-js-1.11.0.tgz",
      "integrity": "sha512-8gX0ZAdOvJxN4UudGdsOkoCU5DGVrOptye7uQpjR01iys3wfB9RWdkZg/M4hGp63tKe94TR7ntDlacg50+zjxA==",
      "dev": true
    },
    "lodash": {
      "version": "4.17.21",
      "resolved": "https://registry.npmjs.org/lodash/-/lodash-4.17.21.tgz",
      "integrity": "sha512-v2kDEe57lecTulaDIuNTPy3Ry4gLGJ6Z1O3vE1krgXZNrsQ+LFTGHVxVjcXPs17LhbZVGedAJv8XZ1tvj5FvSg==",
      "dev": true
    },
    "reflect-metadata": {
      "version": "0.1.14",
      "resolved": "https://registry.npmjs.org/reflect-metadata/-/reflect-metadata-0.1.14.tgz",
      "integrity": "sha512-ZhYeb6nRaXCfhnndflDK8qI6ZQ/YcWZCISRAWICW9XYqMUwjZM9Z0DveWX/ABN01oxSHwVxKQmxeYZSsm0jh5A==",
      "dev": true
    },
    "ua-parser-js": {
      "version": "1.0.37",
      "resolved": "https://registry.npmjs.org/ua-parser-js/-/ua-parser-js-1.0.37.tgz",
      "integrity": "sha512-bhTyI94tZofjo+Dn8SN6Zv8nBDvyXTymAdM3LDI/0IboIUwTu1rEhW7v2TfiVsoYWgkQ4kOVqnI8APUFbIQIFQ==",
      "dev": true
    },
    "uuid": {
      "version": "8.3.2",
      "resolved": "https://registry.npmjs.org/uuid/-/uuid-8.3.2.tgz",
      "integrity": "sha512-+NYs2QeMWy+GWFOEm9xnn6HCDp0l7QBD7ml8zLUmJ+93Q5NF0NocErnwkTkXVFNiX3/fpC6afS8Dhb/gz7R7eg==",
      "dev": true
    },
    "validator": {
      "version": "13.11.0",
      "resolved": "https://registry.npmjs.org/validator/-/validator-13.11.0.tgz",
      "integrity": "sha512-Ii+sehpSfZy+At5nPdnyMhx78fEoPDkR2XW/zimHEL3MyGJQOCQ7WeP20jPYRz7ZCpcKLB21NxuXHF3bxjStBQ==",
      "dev": true
    }
  }
}
