{
  "name": "OpenFeature",
  "version": "1.0.0",
  "lockfileVersion": 2,
  "requires": true,
  "packages": {
    "": {
      "name": "OpenFeature",
      "version": "1.0.0",
      "dependencies": {
        "@devcycle/openfeature-web-provider": "^0.8.5"
      },
      "devDependencies": {
        "esbuild": "^0.20.2"
      }
    },
    "node_modules/@devcycle/js-client-sdk": {
      "version": "1.22.5",
      "resolved": "https://registry.npmjs.org/@devcycle/js-client-sdk/-/js-client-sdk-1.22.5.tgz",
      "integrity": "sha512-p/mNJXws+RbRCDVZI8I9glbGU2iQjw9N41VicrnVOmaLpkWIYQ2k3ATNBh1/yZwIyTDdxpNrjL7qFOh0bQ/7uw==",
      "dependencies": {
        "@devcycle/types": "^1.10.4",
        "fetch-retry": "^5.0.6",
        "lodash": "^4.17.21",
        "ua-parser-js": "^1.0.36",
        "uuid": "^8.3.2"
      }
    },
    "node_modules/@devcycle/openfeature-web-provider": {
      "version": "0.8.5",
      "resolved": "https://registry.npmjs.org/@devcycle/openfeature-web-provider/-/openfeature-web-provider-0.8.5.tgz",
      "integrity": "sha512-WBvxOIM3AZyZj4Cy1sZaqVFC86/FYFbAt2DHimco4cX1JqapC7levfDrPxusHEliZxsj2Qljz9dWFBDTVIcvng==",
      "dependencies": {
        "@devcycle/js-client-sdk": "^1.22.5"
      },
      "peerDependencies": {
        "@openfeature/web-sdk": "^0.4.12"
      }
    },
    "node_modules/@devcycle/types": {
      "version": "1.10.4",
      "resolved": "https://registry.npmjs.org/@devcycle/types/-/types-1.10.4.tgz",
      "integrity": "sha512-1I5I2JZipax7hjoO6AYRegCsdiNI4rw5w0WlC0M3lkF7KR1wggMNq5d9WmIOPtfw7RFgPM9XlMdzcJQTETbIAQ==",
      "dependencies": {
        "class-transformer": "0.5.1",
        "class-validator": "0.14.1",
        "iso-639-1": "^2.1.13",
        "lodash": "^4.17.21",
        "reflect-metadata": "^0.1.13"
      }
    },
    "node_modules/@esbuild/darwin-arm64": {
      "version": "0.20.2",
      "resolved": "https://registry.npmjs.org/@esbuild/darwin-arm64/-/darwin-arm64-0.20.2.tgz",
      "integrity": "sha512-4J6IRT+10J3aJH3l1yzEg9y3wkTDgDk7TSDFX+wKFiWjqWp/iCfLIYzGyasx9l0SAFPT1HwSCR+0w/h1ES/MjA==",
      "cpu": [
        "arm64"
      ],
      "dev": true,
      "optional": true,
      "os": [
        "darwin"
      ],
      "engines": {
        "node": ">=12"
      }
    },
    "node_modules/@openfeature/core": {
      "version": "1.0.0",
      "resolved": "https://registry.npmjs.org/@openfeature/core/-/core-1.0.0.tgz",
      "integrity": "sha512-xbtVVfZZQu0CZKql9KY8RWfM6Pm1dcoev0z15UL+MUxRnzNuAIM1gGX6FXztRousUvzq8D/y77Qs2hUppDAdcg==",
      "peer": true
    },
    "node_modules/@openfeature/web-sdk": {
      "version": "0.4.16",
      "resolved": "https://registry.npmjs.org/@openfeature/web-sdk/-/web-sdk-0.4.16.tgz",
      "integrity": "sha512-KdK2BY/eun2yMXmCTE6lLk2cx0AKH7dZmCOD5KGdCaTY4vUPlAnhRTsNcS9b4EzqLItTb3ZLHx/s/85oV5f8vg==",
      "peer": true,
      "peerDependencies": {
        "@openfeature/core": "1.0.0"
      }
    },
    "node_modules/@types/validator": {
      "version": "13.11.9",
      "resolved": "https://registry.npmjs.org/@types/validator/-/validator-13.11.9.tgz",
      "integrity": "sha512-FCTsikRozryfayPuiI46QzH3fnrOoctTjvOYZkho9BTFLCOZ2rgZJHMOVgCOfttjPJcgOx52EpkY0CMfy87MIw=="
    },
    "node_modules/class-transformer": {
      "version": "0.5.1",
      "resolved": "https://registry.npmjs.org/class-transformer/-/class-transformer-0.5.1.tgz",
      "integrity": "sha512-SQa1Ws6hUbfC98vKGxZH3KFY0Y1lm5Zm0SY8XX9zbK7FJCyVEac3ATW0RIpwzW+oOfmHE5PMPufDG9hCfoEOMw=="
    },
    "node_modules/class-validator": {
      "version": "0.14.1",
      "resolved": "https://registry.npmjs.org/class-validator/-/class-validator-0.14.1.tgz",
      "integrity": "sha512-2VEG9JICxIqTpoK1eMzZqaV+u/EiwEJkMGzTrZf6sU/fwsnOITVgYJ8yojSy6CaXtO9V0Cc6ZQZ8h8m4UBuLwQ==",
      "dependencies": {
        "@types/validator": "^13.11.8",
        "libphonenumber-js": "^1.10.53",
        "validator": "^13.9.0"
      }
    },
    "node_modules/esbuild": {
      "version": "0.20.2",
      "resolved": "https://registry.npmjs.org/esbuild/-/esbuild-0.20.2.tgz",
      "integrity": "sha512-WdOOppmUNU+IbZ0PaDiTst80zjnrOkyJNHoKupIcVyU8Lvla3Ugx94VzkQ32Ijqd7UhHJy75gNWDMUekcrSJ6g==",
      "dev": true,
      "hasInstallScript": true,
      "bin": {
        "esbuild": "bin/esbuild"
      },
      "engines": {
        "node": ">=12"
      },
      "optionalDependencies": {
        "@esbuild/aix-ppc64": "0.20.2",
        "@esbuild/android-arm": "0.20.2",
        "@esbuild/android-arm64": "0.20.2",
        "@esbuild/android-x64": "0.20.2",
        "@esbuild/darwin-arm64": "0.20.2",
        "@esbuild/darwin-x64": "0.20.2",
        "@esbuild/freebsd-arm64": "0.20.2",
        "@esbuild/freebsd-x64": "0.20.2",
        "@esbuild/linux-arm": "0.20.2",
        "@esbuild/linux-arm64": "0.20.2",
        "@esbuild/linux-ia32": "0.20.2",
        "@esbuild/linux-loong64": "0.20.2",
        "@esbuild/linux-mips64el": "0.20.2",
        "@esbuild/linux-ppc64": "0.20.2",
        "@esbuild/linux-riscv64": "0.20.2",
        "@esbuild/linux-s390x": "0.20.2",
        "@esbuild/linux-x64": "0.20.2",
        "@esbuild/netbsd-x64": "0.20.2",
        "@esbuild/openbsd-x64": "0.20.2",
        "@esbuild/sunos-x64": "0.20.2",
        "@esbuild/win32-arm64": "0.20.2",
        "@esbuild/win32-ia32": "0.20.2",
        "@esbuild/win32-x64": "0.20.2"
      }
    },
    "node_modules/fetch-retry": {
      "version": "5.0.6",
      "resolved": "https://registry.npmjs.org/fetch-retry/-/fetch-retry-5.0.6.tgz",
      "integrity": "sha512-3yurQZ2hD9VISAhJJP9bpYFNQrHHBXE2JxxjY5aLEcDi46RmAzJE2OC9FAde0yis5ElW0jTTzs0zfg/Cca4XqQ=="
    },
    "node_modules/iso-639-1": {
      "version": "2.1.15",
      "resolved": "https://registry.npmjs.org/iso-639-1/-/iso-639-1-2.1.15.tgz",
      "integrity": "sha512-7c7mBznZu2ktfvyT582E2msM+Udc1EjOyhVRE/0ZsjD9LBtWSm23h3PtiRh2a35XoUsTQQjJXaJzuLjXsOdFDg==",
      "engines": {
        "node": ">=6.0"
      }
    },
    "node_modules/libphonenumber-js": {
      "version": "1.10.60",
      "resolved": "https://registry.npmjs.org/libphonenumber-js/-/libphonenumber-js-1.10.60.tgz",
      "integrity": "sha512-Ctgq2lXUpEJo5j1762NOzl2xo7z7pqmVWYai0p07LvAkQ32tbPv3wb+tcUeHEiXhKU5buM4H9MXsXo6OlM6C2g=="
    },
    "node_modules/lodash": {
      "version": "4.17.21",
      "resolved": "https://registry.npmjs.org/lodash/-/lodash-4.17.21.tgz",
      "integrity": "sha512-v2kDEe57lecTulaDIuNTPy3Ry4gLGJ6Z1O3vE1krgXZNrsQ+LFTGHVxVjcXPs17LhbZVGedAJv8XZ1tvj5FvSg=="
    },
    "node_modules/reflect-metadata": {
      "version": "0.1.14",
      "resolved": "https://registry.npmjs.org/reflect-metadata/-/reflect-metadata-0.1.14.tgz",
      "integrity": "sha512-ZhYeb6nRaXCfhnndflDK8qI6ZQ/YcWZCISRAWICW9XYqMUwjZM9Z0DveWX/ABN01oxSHwVxKQmxeYZSsm0jh5A=="
    },
    "node_modules/ua-parser-js": {
      "version": "1.0.37",
      "resolved": "https://registry.npmjs.org/ua-parser-js/-/ua-parser-js-1.0.37.tgz",
      "integrity": "sha512-bhTyI94tZofjo+Dn8SN6Zv8nBDvyXTymAdM3LDI/0IboIUwTu1rEhW7v2TfiVsoYWgkQ4kOVqnI8APUFbIQIFQ==",
      "funding": [
        {
          "type": "opencollective",
          "url": "https://opencollective.com/ua-parser-js"
        },
        {
          "type": "paypal",
          "url": "https://paypal.me/faisalman"
        },
        {
          "type": "github",
          "url": "https://github.com/sponsors/faisalman"
        }
      ],
      "engines": {
        "node": "*"
      }
    },
    "node_modules/uuid": {
      "version": "8.3.2",
      "resolved": "https://registry.npmjs.org/uuid/-/uuid-8.3.2.tgz",
      "integrity": "sha512-+NYs2QeMWy+GWFOEm9xnn6HCDp0l7QBD7ml8zLUmJ+93Q5NF0NocErnwkTkXVFNiX3/fpC6afS8Dhb/gz7R7eg==",
      "bin": {
        "uuid": "dist/bin/uuid"
      }
    },
    "node_modules/validator": {
      "version": "13.11.0",
      "resolved": "https://registry.npmjs.org/validator/-/validator-13.11.0.tgz",
      "integrity": "sha512-Ii+sehpSfZy+At5nPdnyMhx78fEoPDkR2XW/zimHEL3MyGJQOCQ7WeP20jPYRz7ZCpcKLB21NxuXHF3bxjStBQ==",
      "engines": {
        "node": ">= 0.10"
      }
    }
  },
  "dependencies": {
    "@devcycle/js-client-sdk": {
      "version": "1.22.5",
      "resolved": "https://registry.npmjs.org/@devcycle/js-client-sdk/-/js-client-sdk-1.22.5.tgz",
      "integrity": "sha512-p/mNJXws+RbRCDVZI8I9glbGU2iQjw9N41VicrnVOmaLpkWIYQ2k3ATNBh1/yZwIyTDdxpNrjL7qFOh0bQ/7uw==",
      "requires": {
        "@devcycle/types": "^1.10.4",
        "fetch-retry": "^5.0.6",
        "lodash": "^4.17.21",
        "ua-parser-js": "^1.0.36",
        "uuid": "^8.3.2"
      }
    },
    "@devcycle/openfeature-web-provider": {
      "version": "0.8.5",
      "resolved": "https://registry.npmjs.org/@devcycle/openfeature-web-provider/-/openfeature-web-provider-0.8.5.tgz",
      "integrity": "sha512-WBvxOIM3AZyZj4Cy1sZaqVFC86/FYFbAt2DHimco4cX1JqapC7levfDrPxusHEliZxsj2Qljz9dWFBDTVIcvng==",
      "requires": {
        "@devcycle/js-client-sdk": "^1.22.5"
      }
    },
    "@devcycle/types": {
      "version": "1.10.4",
      "resolved": "https://registry.npmjs.org/@devcycle/types/-/types-1.10.4.tgz",
      "integrity": "sha512-1I5I2JZipax7hjoO6AYRegCsdiNI4rw5w0WlC0M3lkF7KR1wggMNq5d9WmIOPtfw7RFgPM9XlMdzcJQTETbIAQ==",
      "requires": {
        "class-transformer": "0.5.1",
        "class-validator": "0.14.1",
        "iso-639-1": "^2.1.13",
        "lodash": "^4.17.21",
        "reflect-metadata": "^0.1.13"
      }
    },
    "@esbuild/darwin-arm64": {
      "version": "0.20.2",
      "resolved": "https://registry.npmjs.org/@esbuild/darwin-arm64/-/darwin-arm64-0.20.2.tgz",
      "integrity": "sha512-4J6IRT+10J3aJH3l1yzEg9y3wkTDgDk7TSDFX+wKFiWjqWp/iCfLIYzGyasx9l0SAFPT1HwSCR+0w/h1ES/MjA==",
      "dev": true,
      "optional": true
    },
    "@openfeature/core": {
      "version": "1.0.0",
      "resolved": "https://registry.npmjs.org/@openfeature/core/-/core-1.0.0.tgz",
      "integrity": "sha512-xbtVVfZZQu0CZKql9KY8RWfM6Pm1dcoev0z15UL+MUxRnzNuAIM1gGX6FXztRousUvzq8D/y77Qs2hUppDAdcg==",
      "peer": true
    },
    "@openfeature/web-sdk": {
      "version": "0.4.16",
      "resolved": "https://registry.npmjs.org/@openfeature/web-sdk/-/web-sdk-0.4.16.tgz",
      "integrity": "sha512-KdK2BY/eun2yMXmCTE6lLk2cx0AKH7dZmCOD5KGdCaTY4vUPlAnhRTsNcS9b4EzqLItTb3ZLHx/s/85oV5f8vg==",
      "peer": true,
      "requires": {}
    },
    "@types/validator": {
      "version": "13.11.9",
      "resolved": "https://registry.npmjs.org/@types/validator/-/validator-13.11.9.tgz",
      "integrity": "sha512-FCTsikRozryfayPuiI46QzH3fnrOoctTjvOYZkho9BTFLCOZ2rgZJHMOVgCOfttjPJcgOx52EpkY0CMfy87MIw=="
    },
    "class-transformer": {
      "version": "0.5.1",
      "resolved": "https://registry.npmjs.org/class-transformer/-/class-transformer-0.5.1.tgz",
      "integrity": "sha512-SQa1Ws6hUbfC98vKGxZH3KFY0Y1lm5Zm0SY8XX9zbK7FJCyVEac3ATW0RIpwzW+oOfmHE5PMPufDG9hCfoEOMw=="
    },
    "class-validator": {
      "version": "0.14.1",
      "resolved": "https://registry.npmjs.org/class-validator/-/class-validator-0.14.1.tgz",
      "integrity": "sha512-2VEG9JICxIqTpoK1eMzZqaV+u/EiwEJkMGzTrZf6sU/fwsnOITVgYJ8yojSy6CaXtO9V0Cc6ZQZ8h8m4UBuLwQ==",
      "requires": {
        "@types/validator": "^13.11.8",
        "libphonenumber-js": "^1.10.53",
        "validator": "^13.9.0"
      }
    },
    "esbuild": {
      "version": "0.20.2",
      "resolved": "https://registry.npmjs.org/esbuild/-/esbuild-0.20.2.tgz",
      "integrity": "sha512-WdOOppmUNU+IbZ0PaDiTst80zjnrOkyJNHoKupIcVyU8Lvla3Ugx94VzkQ32Ijqd7UhHJy75gNWDMUekcrSJ6g==",
      "dev": true,
      "requires": {
        "@esbuild/aix-ppc64": "0.20.2",
        "@esbuild/android-arm": "0.20.2",
        "@esbuild/android-arm64": "0.20.2",
        "@esbuild/android-x64": "0.20.2",
        "@esbuild/darwin-arm64": "0.20.2",
        "@esbuild/darwin-x64": "0.20.2",
        "@esbuild/freebsd-arm64": "0.20.2",
        "@esbuild/freebsd-x64": "0.20.2",
        "@esbuild/linux-arm": "0.20.2",
        "@esbuild/linux-arm64": "0.20.2",
        "@esbuild/linux-ia32": "0.20.2",
        "@esbuild/linux-loong64": "0.20.2",
        "@esbuild/linux-mips64el": "0.20.2",
        "@esbuild/linux-ppc64": "0.20.2",
        "@esbuild/linux-riscv64": "0.20.2",
        "@esbuild/linux-s390x": "0.20.2",
        "@esbuild/linux-x64": "0.20.2",
        "@esbuild/netbsd-x64": "0.20.2",
        "@esbuild/openbsd-x64": "0.20.2",
        "@esbuild/sunos-x64": "0.20.2",
        "@esbuild/win32-arm64": "0.20.2",
        "@esbuild/win32-ia32": "0.20.2",
        "@esbuild/win32-x64": "0.20.2"
      }
    },
    "fetch-retry": {
      "version": "5.0.6",
      "resolved": "https://registry.npmjs.org/fetch-retry/-/fetch-retry-5.0.6.tgz",
      "integrity": "sha512-3yurQZ2hD9VISAhJJP9bpYFNQrHHBXE2JxxjY5aLEcDi46RmAzJE2OC9FAde0yis5ElW0jTTzs0zfg/Cca4XqQ=="
    },
    "iso-639-1": {
      "version": "2.1.15",
      "resolved": "https://registry.npmjs.org/iso-639-1/-/iso-639-1-2.1.15.tgz",
      "integrity": "sha512-7c7mBznZu2ktfvyT582E2msM+Udc1EjOyhVRE/0ZsjD9LBtWSm23h3PtiRh2a35XoUsTQQjJXaJzuLjXsOdFDg=="
    },
    "libphonenumber-js": {
      "version": "1.10.60",
      "resolved": "https://registry.npmjs.org/libphonenumber-js/-/libphonenumber-js-1.10.60.tgz",
      "integrity": "sha512-Ctgq2lXUpEJo5j1762NOzl2xo7z7pqmVWYai0p07LvAkQ32tbPv3wb+tcUeHEiXhKU5buM4H9MXsXo6OlM6C2g=="
    },
    "lodash": {
      "version": "4.17.21",
      "resolved": "https://registry.npmjs.org/lodash/-/lodash-4.17.21.tgz",
      "integrity": "sha512-v2kDEe57lecTulaDIuNTPy3Ry4gLGJ6Z1O3vE1krgXZNrsQ+LFTGHVxVjcXPs17LhbZVGedAJv8XZ1tvj5FvSg=="
    },
    "reflect-metadata": {
      "version": "0.1.14",
      "resolved": "https://registry.npmjs.org/reflect-metadata/-/reflect-metadata-0.1.14.tgz",
      "integrity": "sha512-ZhYeb6nRaXCfhnndflDK8qI6ZQ/YcWZCISRAWICW9XYqMUwjZM9Z0DveWX/ABN01oxSHwVxKQmxeYZSsm0jh5A=="
    },
    "ua-parser-js": {
      "version": "1.0.37",
      "resolved": "https://registry.npmjs.org/ua-parser-js/-/ua-parser-js-1.0.37.tgz",
      "integrity": "sha512-bhTyI94tZofjo+Dn8SN6Zv8nBDvyXTymAdM3LDI/0IboIUwTu1rEhW7v2TfiVsoYWgkQ4kOVqnI8APUFbIQIFQ=="
    },
    "uuid": {
      "version": "8.3.2",
      "resolved": "https://registry.npmjs.org/uuid/-/uuid-8.3.2.tgz",
      "integrity": "sha512-+NYs2QeMWy+GWFOEm9xnn6HCDp0l7QBD7ml8zLUmJ+93Q5NF0NocErnwkTkXVFNiX3/fpC6afS8Dhb/gz7R7eg=="
    },
    "validator": {
      "version": "13.11.0",
      "resolved": "https://registry.npmjs.org/validator/-/validator-13.11.0.tgz",
      "integrity": "sha512-Ii+sehpSfZy+At5nPdnyMhx78fEoPDkR2XW/zimHEL3MyGJQOCQ7WeP20jPYRz7ZCpcKLB21NxuXHF3bxjStBQ=="
    }
  }
}
